// !$*UTF8*$!
{
	archiveVersion = 1;
	classes = {
	};
	objectVersion = 56;
	objects = {

/* Begin PBXBuildFile section */
		1491A2742CAE82DA0095089B /* UmainCodeTestApp.swift in Sources */ = {isa = PBXBuildFile; fileRef = 1491A2732CAE82DA0095089B /* UmainCodeTestApp.swift */; };
		1491A2762CAE82DA0095089B /* ContentView.swift in Sources */ = {isa = PBXBuildFile; fileRef = 1491A2752CAE82DA0095089B /* ContentView.swift */; };
		1491A2782CAE82DB0095089B /* Assets.xcassets in Resources */ = {isa = PBXBuildFile; fileRef = 1491A2772CAE82DB0095089B /* Assets.xcassets */; };
		1491A27B2CAE82DB0095089B /* Preview Assets.xcassets in Resources */ = {isa = PBXBuildFile; fileRef = 1491A27A2CAE82DB0095089B /* Preview Assets.xcassets */; };
		1491A2852CAE82DC0095089B /* UmainCodeTestTests.swift in Sources */ = {isa = PBXBuildFile; fileRef = 1491A2842CAE82DC0095089B /* UmainCodeTestTests.swift */; };
		1491A28F2CAE82DC0095089B /* UmainCodeTestUITests.swift in Sources */ = {isa = PBXBuildFile; fileRef = 1491A28E2CAE82DC0095089B /* UmainCodeTestUITests.swift */; };
		1491A2912CAE82DC0095089B /* UmainCodeTestUITestsLaunchTests.swift in Sources */ = {isa = PBXBuildFile; fileRef = 1491A2902CAE82DC0095089B /* UmainCodeTestUITestsLaunchTests.swift */; };
		1491A2A12CAE848F0095089B /* CodableWrapper.swift in Sources */ = {isa = PBXBuildFile; fileRef = 1491A2A02CAE848F0095089B /* CodableWrapper.swift */; };
		1491A2A32CAE85F30095089B /* Restaurant.swift in Sources */ = {isa = PBXBuildFile; fileRef = 1491A2A22CAE85F30095089B /* Restaurant.swift */; };
		1491A2A52CAE87180095089B /* Filter.swift in Sources */ = {isa = PBXBuildFile; fileRef = 1491A2A42CAE87180095089B /* Filter.swift */; };
		1491A2A72CAE887C0095089B /* OpenStatus.swift in Sources */ = {isa = PBXBuildFile; fileRef = 1491A2A62CAE887C0095089B /* OpenStatus.swift */; };
		1491A2AB2CAE8B400095089B /* NetworkRequest.swift in Sources */ = {isa = PBXBuildFile; fileRef = 1491A2AA2CAE8B400095089B /* NetworkRequest.swift */; };
		1491A2B12CAE8D2A0095089B /* APIError.swift in Sources */ = {isa = PBXBuildFile; fileRef = 1491A2B02CAE8D2A0095089B /* APIError.swift */; };
		1491A2B32CAE8E780095089B /* ImageRequest.swift in Sources */ = {isa = PBXBuildFile; fileRef = 1491A2B22CAE8E780095089B /* ImageRequest.swift */; };
		1491A2B62CAE8FC10095089B /* ApiDecoder.swift in Sources */ = {isa = PBXBuildFile; fileRef = 1491A2B52CAE8FC10095089B /* ApiDecoder.swift */; };
		1491A2B92CAE90310095089B /* ApiResource.swift in Sources */ = {isa = PBXBuildFile; fileRef = 1491A2B82CAE90310095089B /* ApiResource.swift */; };
		1491A2BB2CAE90930095089B /* APIRequest.swift in Sources */ = {isa = PBXBuildFile; fileRef = 1491A2BA2CAE90930095089B /* APIRequest.swift */; };
		1491A2BE2CAE91940095089B /* RestaurantResource.swift in Sources */ = {isa = PBXBuildFile; fileRef = 1491A2BD2CAE91940095089B /* RestaurantResource.swift */; };
		1491A2C12CAE91BA0095089B /* Endpoint.swift in Sources */ = {isa = PBXBuildFile; fileRef = 1491A2C02CAE91BA0095089B /* Endpoint.swift */; };
		1491A2C32CAE94BA0095089B /* FilterResource.swift in Sources */ = {isa = PBXBuildFile; fileRef = 1491A2C22CAE94BA0095089B /* FilterResource.swift */; };
		1491A2C52CAE95AA0095089B /* OpenStatusResource.swift in Sources */ = {isa = PBXBuildFile; fileRef = 1491A2C42CAE95AA0095089B /* OpenStatusResource.swift */; };
/* End PBXBuildFile section */

/* Begin PBXContainerItemProxy section */
		1491A2812CAE82DC0095089B /* PBXContainerItemProxy */ = {
			isa = PBXContainerItemProxy;
			containerPortal = 1491A2682CAE82DA0095089B /* Project object */;
			proxyType = 1;
			remoteGlobalIDString = 1491A26F2CAE82DA0095089B;
			remoteInfo = UmainCodeTest;
		};
		1491A28B2CAE82DC0095089B /* PBXContainerItemProxy */ = {
			isa = PBXContainerItemProxy;
			containerPortal = 1491A2682CAE82DA0095089B /* Project object */;
			proxyType = 1;
			remoteGlobalIDString = 1491A26F2CAE82DA0095089B;
			remoteInfo = UmainCodeTest;
		};
/* End PBXContainerItemProxy section */

/* Begin PBXFileReference section */
		1491A2702CAE82DA0095089B /* UmainCodeTest.app */ = {isa = PBXFileReference; explicitFileType = wrapper.application; includeInIndex = 0; path = UmainCodeTest.app; sourceTree = BUILT_PRODUCTS_DIR; };
		1491A2732CAE82DA0095089B /* UmainCodeTestApp.swift */ = {isa = PBXFileReference; lastKnownFileType = sourcecode.swift; path = UmainCodeTestApp.swift; sourceTree = "<group>"; };
		1491A2752CAE82DA0095089B /* ContentView.swift */ = {isa = PBXFileReference; lastKnownFileType = sourcecode.swift; path = ContentView.swift; sourceTree = "<group>"; };
		1491A2772CAE82DB0095089B /* Assets.xcassets */ = {isa = PBXFileReference; lastKnownFileType = folder.assetcatalog; path = Assets.xcassets; sourceTree = "<group>"; };
		1491A27A2CAE82DB0095089B /* Preview Assets.xcassets */ = {isa = PBXFileReference; lastKnownFileType = folder.assetcatalog; path = "Preview Assets.xcassets"; sourceTree = "<group>"; };
		1491A2802CAE82DC0095089B /* UmainCodeTestTests.xctest */ = {isa = PBXFileReference; explicitFileType = wrapper.cfbundle; includeInIndex = 0; path = UmainCodeTestTests.xctest; sourceTree = BUILT_PRODUCTS_DIR; };
		1491A2842CAE82DC0095089B /* UmainCodeTestTests.swift */ = {isa = PBXFileReference; lastKnownFileType = sourcecode.swift; path = UmainCodeTestTests.swift; sourceTree = "<group>"; };
		1491A28A2CAE82DC0095089B /* UmainCodeTestUITests.xctest */ = {isa = PBXFileReference; explicitFileType = wrapper.cfbundle; includeInIndex = 0; path = UmainCodeTestUITests.xctest; sourceTree = BUILT_PRODUCTS_DIR; };
		1491A28E2CAE82DC0095089B /* UmainCodeTestUITests.swift */ = {isa = PBXFileReference; lastKnownFileType = sourcecode.swift; path = UmainCodeTestUITests.swift; sourceTree = "<group>"; };
		1491A2902CAE82DC0095089B /* UmainCodeTestUITestsLaunchTests.swift */ = {isa = PBXFileReference; lastKnownFileType = sourcecode.swift; path = UmainCodeTestUITestsLaunchTests.swift; sourceTree = "<group>"; };
		1491A2A02CAE848F0095089B /* CodableWrapper.swift */ = {isa = PBXFileReference; lastKnownFileType = sourcecode.swift; path = CodableWrapper.swift; sourceTree = "<group>"; };
		1491A2A22CAE85F30095089B /* Restaurant.swift */ = {isa = PBXFileReference; lastKnownFileType = sourcecode.swift; path = Restaurant.swift; sourceTree = "<group>"; };
		1491A2A42CAE87180095089B /* Filter.swift */ = {isa = PBXFileReference; lastKnownFileType = sourcecode.swift; path = Filter.swift; sourceTree = "<group>"; };
		1491A2A62CAE887C0095089B /* OpenStatus.swift */ = {isa = PBXFileReference; lastKnownFileType = sourcecode.swift; path = OpenStatus.swift; sourceTree = "<group>"; };
		1491A2AA2CAE8B400095089B /* NetworkRequest.swift */ = {isa = PBXFileReference; lastKnownFileType = sourcecode.swift; path = NetworkRequest.swift; sourceTree = "<group>"; };
		1491A2B02CAE8D2A0095089B /* APIError.swift */ = {isa = PBXFileReference; lastKnownFileType = sourcecode.swift; path = APIError.swift; sourceTree = "<group>"; };
		1491A2B22CAE8E780095089B /* ImageRequest.swift */ = {isa = PBXFileReference; lastKnownFileType = sourcecode.swift; path = ImageRequest.swift; sourceTree = "<group>"; };
		1491A2B52CAE8FC10095089B /* ApiDecoder.swift */ = {isa = PBXFileReference; lastKnownFileType = sourcecode.swift; path = ApiDecoder.swift; sourceTree = "<group>"; };
		1491A2B82CAE90310095089B /* ApiResource.swift */ = {isa = PBXFileReference; lastKnownFileType = sourcecode.swift; path = ApiResource.swift; sourceTree = "<group>"; };
		1491A2BA2CAE90930095089B /* APIRequest.swift */ = {isa = PBXFileReference; lastKnownFileType = sourcecode.swift; path = APIRequest.swift; sourceTree = "<group>"; };
		1491A2BD2CAE91940095089B /* RestaurantResource.swift */ = {isa = PBXFileReference; lastKnownFileType = sourcecode.swift; path = RestaurantResource.swift; sourceTree = "<group>"; };
		1491A2C02CAE91BA0095089B /* Endpoint.swift */ = {isa = PBXFileReference; lastKnownFileType = sourcecode.swift; path = Endpoint.swift; sourceTree = "<group>"; };
		1491A2C22CAE94BA0095089B /* FilterResource.swift */ = {isa = PBXFileReference; lastKnownFileType = sourcecode.swift; path = FilterResource.swift; sourceTree = "<group>"; };
		1491A2C42CAE95AA0095089B /* OpenStatusResource.swift */ = {isa = PBXFileReference; lastKnownFileType = sourcecode.swift; path = OpenStatusResource.swift; sourceTree = "<group>"; };
/* End PBXFileReference section */

/* Begin PBXFrameworksBuildPhase section */
		1491A26D2CAE82DA0095089B /* Frameworks */ = {
			isa = PBXFrameworksBuildPhase;
			buildActionMask = 2147483647;
			files = (
			);
			runOnlyForDeploymentPostprocessing = 0;
		};
		1491A27D2CAE82DB0095089B /* Frameworks */ = {
			isa = PBXFrameworksBuildPhase;
			buildActionMask = 2147483647;
			files = (
			);
			runOnlyForDeploymentPostprocessing = 0;
		};
		1491A2872CAE82DC0095089B /* Frameworks */ = {
			isa = PBXFrameworksBuildPhase;
			buildActionMask = 2147483647;
			files = (
			);
			runOnlyForDeploymentPostprocessing = 0;
		};
/* End PBXFrameworksBuildPhase section */

/* Begin PBXGroup section */
		1491A2672CAE82DA0095089B = {
			isa = PBXGroup;
			children = (
				1491A2722CAE82DA0095089B /* UmainCodeTest */,
				1491A2832CAE82DC0095089B /* UmainCodeTestTests */,
				1491A28D2CAE82DC0095089B /* UmainCodeTestUITests */,
				1491A2712CAE82DA0095089B /* Products */,
			);
			sourceTree = "<group>";
		};
		1491A2712CAE82DA0095089B /* Products */ = {
			isa = PBXGroup;
			children = (
				1491A2702CAE82DA0095089B /* UmainCodeTest.app */,
				1491A2802CAE82DC0095089B /* UmainCodeTestTests.xctest */,
				1491A28A2CAE82DC0095089B /* UmainCodeTestUITests.xctest */,
			);
			name = Products;
			sourceTree = "<group>";
		};
		1491A2722CAE82DA0095089B /* UmainCodeTest */ = {
			isa = PBXGroup;
			children = (
				1491A29D2CAE846C0095089B /* Networking */,
				1491A2732CAE82DA0095089B /* UmainCodeTestApp.swift */,
				1491A2752CAE82DA0095089B /* ContentView.swift */,
				1491A2772CAE82DB0095089B /* Assets.xcassets */,
				1491A2792CAE82DB0095089B /* Preview Content */,
			);
			path = UmainCodeTest;
			sourceTree = "<group>";
		};
		1491A2792CAE82DB0095089B /* Preview Content */ = {
			isa = PBXGroup;
			children = (
				1491A27A2CAE82DB0095089B /* Preview Assets.xcassets */,
			);
			path = "Preview Content";
			sourceTree = "<group>";
		};
		1491A2832CAE82DC0095089B /* UmainCodeTestTests */ = {
			isa = PBXGroup;
			children = (
				1491A2842CAE82DC0095089B /* UmainCodeTestTests.swift */,
			);
			path = UmainCodeTestTests;
			sourceTree = "<group>";
		};
		1491A28D2CAE82DC0095089B /* UmainCodeTestUITests */ = {
			isa = PBXGroup;
			children = (
				1491A28E2CAE82DC0095089B /* UmainCodeTestUITests.swift */,
				1491A2902CAE82DC0095089B /* UmainCodeTestUITestsLaunchTests.swift */,
			);
			path = UmainCodeTestUITests;
			sourceTree = "<group>";
		};
		1491A29D2CAE846C0095089B /* Networking */ = {
			isa = PBXGroup;
			children = (
				1491A2BF2CAE91AE0095089B /* Endpoint */,
				1491A2B42CAE8FB60095089B /* ApiDecoder */,
				1491A2AF2CAE8D200095089B /* Error */,
				1491A29E2CAE84710095089B /* Models */,
			);
			path = Networking;
			sourceTree = "<group>";
		};
		1491A29E2CAE84710095089B /* Models */ = {
			isa = PBXGroup;
			children = (
				1491A2BC2CAE90F40095089B /* Protocol */,
				1491A2B72CAE90230095089B /* Resource */,
				1491A2A92CAE8B2D0095089B /* Request */,
				1491A29F2CAE84840095089B /* Codables */,
			);
			path = Models;
			sourceTree = "<group>";
		};
		1491A29F2CAE84840095089B /* Codables */ = {
			isa = PBXGroup;
			children = (
				1491A2A02CAE848F0095089B /* CodableWrapper.swift */,
				1491A2A22CAE85F30095089B /* Restaurant.swift */,
				1491A2A42CAE87180095089B /* Filter.swift */,
				1491A2A62CAE887C0095089B /* OpenStatus.swift */,
			);
			path = Codables;
			sourceTree = "<group>";
		};
		1491A2A92CAE8B2D0095089B /* Request */ = {
			isa = PBXGroup;
			children = (
				1491A2B22CAE8E780095089B /* ImageRequest.swift */,
				1491A2BA2CAE90930095089B /* APIRequest.swift */,
			);
			path = Request;
			sourceTree = "<group>";
		};
		1491A2AF2CAE8D200095089B /* Error */ = {
			isa = PBXGroup;
			children = (
				1491A2B02CAE8D2A0095089B /* APIError.swift */,
			);
			path = Error;
			sourceTree = "<group>";
		};
		1491A2B42CAE8FB60095089B /* ApiDecoder */ = {
			isa = PBXGroup;
			children = (
				1491A2B52CAE8FC10095089B /* ApiDecoder.swift */,
			);
			path = ApiDecoder;
			sourceTree = "<group>";
		};
		1491A2B72CAE90230095089B /* Resource */ = {
			isa = PBXGroup;
			children = (
				1491A2BD2CAE91940095089B /* RestaurantResource.swift */,
				1491A2C22CAE94BA0095089B /* FilterResource.swift */,
				1491A2C42CAE95AA0095089B /* OpenStatusResource.swift */,
			);
			path = Resource;
			sourceTree = "<group>";
		};
		1491A2BC2CAE90F40095089B /* Protocol */ = {
			isa = PBXGroup;
			children = (
				1491A2AA2CAE8B400095089B /* NetworkRequest.swift */,
				1491A2B82CAE90310095089B /* ApiResource.swift */,
			);
			path = Protocol;
			sourceTree = "<group>";
		};
		1491A2BF2CAE91AE0095089B /* Endpoint */ = {
			isa = PBXGroup;
			children = (
				1491A2C02CAE91BA0095089B /* Endpoint.swift */,
			);
			path = Endpoint;
			sourceTree = "<group>";
		};
/* End PBXGroup section */

/* Begin PBXNativeTarget section */
		1491A26F2CAE82DA0095089B /* UmainCodeTest */ = {
			isa = PBXNativeTarget;
			buildConfigurationList = 1491A2942CAE82DC0095089B /* Build configuration list for PBXNativeTarget "UmainCodeTest" */;
			buildPhases = (
				1491A26C2CAE82DA0095089B /* Sources */,
				1491A26D2CAE82DA0095089B /* Frameworks */,
				1491A26E2CAE82DA0095089B /* Resources */,
			);
			buildRules = (
			);
			dependencies = (
			);
			name = UmainCodeTest;
			productName = UmainCodeTest;
			productReference = 1491A2702CAE82DA0095089B /* UmainCodeTest.app */;
			productType = "com.apple.product-type.application";
		};
		1491A27F2CAE82DB0095089B /* UmainCodeTestTests */ = {
			isa = PBXNativeTarget;
			buildConfigurationList = 1491A2972CAE82DC0095089B /* Build configuration list for PBXNativeTarget "UmainCodeTestTests" */;
			buildPhases = (
				1491A27C2CAE82DB0095089B /* Sources */,
				1491A27D2CAE82DB0095089B /* Frameworks */,
				1491A27E2CAE82DB0095089B /* Resources */,
			);
			buildRules = (
			);
			dependencies = (
				1491A2822CAE82DC0095089B /* PBXTargetDependency */,
			);
			name = UmainCodeTestTests;
			productName = UmainCodeTestTests;
			productReference = 1491A2802CAE82DC0095089B /* UmainCodeTestTests.xctest */;
			productType = "com.apple.product-type.bundle.unit-test";
		};
		1491A2892CAE82DC0095089B /* UmainCodeTestUITests */ = {
			isa = PBXNativeTarget;
			buildConfigurationList = 1491A29A2CAE82DC0095089B /* Build configuration list for PBXNativeTarget "UmainCodeTestUITests" */;
			buildPhases = (
				1491A2862CAE82DC0095089B /* Sources */,
				1491A2872CAE82DC0095089B /* Frameworks */,
				1491A2882CAE82DC0095089B /* Resources */,
			);
			buildRules = (
			);
			dependencies = (
				1491A28C2CAE82DC0095089B /* PBXTargetDependency */,
			);
			name = UmainCodeTestUITests;
			productName = UmainCodeTestUITests;
			productReference = 1491A28A2CAE82DC0095089B /* UmainCodeTestUITests.xctest */;
			productType = "com.apple.product-type.bundle.ui-testing";
		};
/* End PBXNativeTarget section */

/* Begin PBXProject section */
		1491A2682CAE82DA0095089B /* Project object */ = {
			isa = PBXProject;
			attributes = {
				BuildIndependentTargetsInParallel = 1;
				LastSwiftUpdateCheck = 1530;
				LastUpgradeCheck = 1530;
				TargetAttributes = {
					1491A26F2CAE82DA0095089B = {
						CreatedOnToolsVersion = 15.3;
					};
					1491A27F2CAE82DB0095089B = {
						CreatedOnToolsVersion = 15.3;
						TestTargetID = 1491A26F2CAE82DA0095089B;
					};
					1491A2892CAE82DC0095089B = {
						CreatedOnToolsVersion = 15.3;
						TestTargetID = 1491A26F2CAE82DA0095089B;
					};
				};
			};
			buildConfigurationList = 1491A26B2CAE82DA0095089B /* Build configuration list for PBXProject "UmainCodeTest" */;
			compatibilityVersion = "Xcode 14.0";
			developmentRegion = en;
			hasScannedForEncodings = 0;
			knownRegions = (
				en,
				Base,
			);
			mainGroup = 1491A2672CAE82DA0095089B;
			productRefGroup = 1491A2712CAE82DA0095089B /* Products */;
			projectDirPath = "";
			projectRoot = "";
			targets = (
				1491A26F2CAE82DA0095089B /* UmainCodeTest */,
				1491A27F2CAE82DB0095089B /* UmainCodeTestTests */,
				1491A2892CAE82DC0095089B /* UmainCodeTestUITests */,
			);
		};
/* End PBXProject section */

/* Begin PBXResourcesBuildPhase section */
		1491A26E2CAE82DA0095089B /* Resources */ = {
			isa = PBXResourcesBuildPhase;
			buildActionMask = 2147483647;
			files = (
				1491A27B2CAE82DB0095089B /* Preview Assets.xcassets in Resources */,
				1491A2782CAE82DB0095089B /* Assets.xcassets in Resources */,
			);
			runOnlyForDeploymentPostprocessing = 0;
		};
		1491A27E2CAE82DB0095089B /* Resources */ = {
			isa = PBXResourcesBuildPhase;
			buildActionMask = 2147483647;
			files = (
			);
			runOnlyForDeploymentPostprocessing = 0;
		};
		1491A2882CAE82DC0095089B /* Resources */ = {
			isa = PBXResourcesBuildPhase;
			buildActionMask = 2147483647;
			files = (
			);
			runOnlyForDeploymentPostprocessing = 0;
		};
/* End PBXResourcesBuildPhase section */

/* Begin PBXSourcesBuildPhase section */
		1491A26C2CAE82DA0095089B /* Sources */ = {
			isa = PBXSourcesBuildPhase;
			buildActionMask = 2147483647;
			files = (
				1491A2C12CAE91BA0095089B /* Endpoint.swift in Sources */,
				1491A2C52CAE95AA0095089B /* OpenStatusResource.swift in Sources */,
				1491A2AB2CAE8B400095089B /* NetworkRequest.swift in Sources */,
				1491A2B92CAE90310095089B /* ApiResource.swift in Sources */,
				1491A2BB2CAE90930095089B /* APIRequest.swift in Sources */,
				1491A2A32CAE85F30095089B /* Restaurant.swift in Sources */,
				1491A2A52CAE87180095089B /* Filter.swift in Sources */,
				1491A2B62CAE8FC10095089B /* ApiDecoder.swift in Sources */,
				1491A2A12CAE848F0095089B /* CodableWrapper.swift in Sources */,
				1491A2A72CAE887C0095089B /* OpenStatus.swift in Sources */,
				1491A2B12CAE8D2A0095089B /* APIError.swift in Sources */,
				1491A2762CAE82DA0095089B /* ContentView.swift in Sources */,
				1491A2B32CAE8E780095089B /* ImageRequest.swift in Sources */,
				1491A2BE2CAE91940095089B /* RestaurantResource.swift in Sources */,
				1491A2C32CAE94BA0095089B /* FilterResource.swift in Sources */,
				1491A2742CAE82DA0095089B /* UmainCodeTestApp.swift in Sources */,
			);
			runOnlyForDeploymentPostprocessing = 0;
		};
		1491A27C2CAE82DB0095089B /* Sources */ = {
			isa = PBXSourcesBuildPhase;
			buildActionMask = 2147483647;
			files = (
				1491A2852CAE82DC0095089B /* UmainCodeTestTests.swift in Sources */,
			);
			runOnlyForDeploymentPostprocessing = 0;
		};
		1491A2862CAE82DC0095089B /* Sources */ = {
			isa = PBXSourcesBuildPhase;
			buildActionMask = 2147483647;
			files = (
				1491A2912CAE82DC0095089B /* UmainCodeTestUITestsLaunchTests.swift in Sources */,
				1491A28F2CAE82DC0095089B /* UmainCodeTestUITests.swift in Sources */,
			);
			runOnlyForDeploymentPostprocessing = 0;
		};
/* End PBXSourcesBuildPhase section */

/* Begin PBXTargetDependency section */
		1491A2822CAE82DC0095089B /* PBXTargetDependency */ = {
			isa = PBXTargetDependency;
			target = 1491A26F2CAE82DA0095089B /* UmainCodeTest */;
			targetProxy = 1491A2812CAE82DC0095089B /* PBXContainerItemProxy */;
		};
		1491A28C2CAE82DC0095089B /* PBXTargetDependency */ = {
			isa = PBXTargetDependency;
			target = 1491A26F2CAE82DA0095089B /* UmainCodeTest */;
			targetProxy = 1491A28B2CAE82DC0095089B /* PBXContainerItemProxy */;
		};
/* End PBXTargetDependency section */

/* Begin XCBuildConfiguration section */
		1491A2922CAE82DC0095089B /* Debug */ = {
			isa = XCBuildConfiguration;
			buildSettings = {
				ALWAYS_SEARCH_USER_PATHS = NO;
				ASSETCATALOG_COMPILER_GENERATE_SWIFT_ASSET_SYMBOL_EXTENSIONS = YES;
				CLANG_ANALYZER_NONNULL = YES;
				CLANG_ANALYZER_NUMBER_OBJECT_CONVERSION = YES_AGGRESSIVE;
				CLANG_CXX_LANGUAGE_STANDARD = "gnu++20";
				CLANG_ENABLE_MODULES = YES;
				CLANG_ENABLE_OBJC_ARC = YES;
				CLANG_ENABLE_OBJC_WEAK = YES;
				CLANG_WARN_BLOCK_CAPTURE_AUTORELEASING = YES;
				CLANG_WARN_BOOL_CONVERSION = YES;
				CLANG_WARN_COMMA = YES;
				CLANG_WARN_CONSTANT_CONVERSION = YES;
				CLANG_WARN_DEPRECATED_OBJC_IMPLEMENTATIONS = YES;
				CLANG_WARN_DIRECT_OBJC_ISA_USAGE = YES_ERROR;
				CLANG_WARN_DOCUMENTATION_COMMENTS = YES;
				CLANG_WARN_EMPTY_BODY = YES;
				CLANG_WARN_ENUM_CONVERSION = YES;
				CLANG_WARN_INFINITE_RECURSION = YES;
				CLANG_WARN_INT_CONVERSION = YES;
				CLANG_WARN_NON_LITERAL_NULL_CONVERSION = YES;
				CLANG_WARN_OBJC_IMPLICIT_RETAIN_SELF = YES;
				CLANG_WARN_OBJC_LITERAL_CONVERSION = YES;
				CLANG_WARN_OBJC_ROOT_CLASS = YES_ERROR;
				CLANG_WARN_QUOTED_INCLUDE_IN_FRAMEWORK_HEADER = YES;
				CLANG_WARN_RANGE_LOOP_ANALYSIS = YES;
				CLANG_WARN_STRICT_PROTOTYPES = YES;
				CLANG_WARN_SUSPICIOUS_MOVE = YES;
				CLANG_WARN_UNGUARDED_AVAILABILITY = YES_AGGRESSIVE;
				CLANG_WARN_UNREACHABLE_CODE = YES;
				CLANG_WARN__DUPLICATE_METHOD_MATCH = YES;
				COPY_PHASE_STRIP = NO;
				DEBUG_INFORMATION_FORMAT = dwarf;
				ENABLE_STRICT_OBJC_MSGSEND = YES;
				ENABLE_TESTABILITY = YES;
				ENABLE_USER_SCRIPT_SANDBOXING = YES;
				GCC_C_LANGUAGE_STANDARD = gnu17;
				GCC_DYNAMIC_NO_PIC = NO;
				GCC_NO_COMMON_BLOCKS = YES;
				GCC_OPTIMIZATION_LEVEL = 0;
				GCC_PREPROCESSOR_DEFINITIONS = (
					"DEBUG=1",
					"$(inherited)",
				);
				GCC_WARN_64_TO_32_BIT_CONVERSION = YES;
				GCC_WARN_ABOUT_RETURN_TYPE = YES_ERROR;
				GCC_WARN_UNDECLARED_SELECTOR = YES;
				GCC_WARN_UNINITIALIZED_AUTOS = YES_AGGRESSIVE;
				GCC_WARN_UNUSED_FUNCTION = YES;
				GCC_WARN_UNUSED_VARIABLE = YES;
				IPHONEOS_DEPLOYMENT_TARGET = 17.4;
				LOCALIZATION_PREFERS_STRING_CATALOGS = YES;
				MTL_ENABLE_DEBUG_INFO = INCLUDE_SOURCE;
				MTL_FAST_MATH = YES;
				ONLY_ACTIVE_ARCH = YES;
				SDKROOT = iphoneos;
				SWIFT_ACTIVE_COMPILATION_CONDITIONS = "DEBUG $(inherited)";
				SWIFT_OPTIMIZATION_LEVEL = "-Onone";
			};
			name = Debug;
		};
		1491A2932CAE82DC0095089B /* Release */ = {
			isa = XCBuildConfiguration;
			buildSettings = {
				ALWAYS_SEARCH_USER_PATHS = NO;
				ASSETCATALOG_COMPILER_GENERATE_SWIFT_ASSET_SYMBOL_EXTENSIONS = YES;
				CLANG_ANALYZER_NONNULL = YES;
				CLANG_ANALYZER_NUMBER_OBJECT_CONVERSION = YES_AGGRESSIVE;
				CLANG_CXX_LANGUAGE_STANDARD = "gnu++20";
				CLANG_ENABLE_MODULES = YES;
				CLANG_ENABLE_OBJC_ARC = YES;
				CLANG_ENABLE_OBJC_WEAK = YES;
				CLANG_WARN_BLOCK_CAPTURE_AUTORELEASING = YES;
				CLANG_WARN_BOOL_CONVERSION = YES;
				CLANG_WARN_COMMA = YES;
				CLANG_WARN_CONSTANT_CONVERSION = YES;
				CLANG_WARN_DEPRECATED_OBJC_IMPLEMENTATIONS = YES;
				CLANG_WARN_DIRECT_OBJC_ISA_USAGE = YES_ERROR;
				CLANG_WARN_DOCUMENTATION_COMMENTS = YES;
				CLANG_WARN_EMPTY_BODY = YES;
				CLANG_WARN_ENUM_CONVERSION = YES;
				CLANG_WARN_INFINITE_RECURSION = YES;
				CLANG_WARN_INT_CONVERSION = YES;
				CLANG_WARN_NON_LITERAL_NULL_CONVERSION = YES;
				CLANG_WARN_OBJC_IMPLICIT_RETAIN_SELF = YES;
				CLANG_WARN_OBJC_LITERAL_CONVERSION = YES;
				CLANG_WARN_OBJC_ROOT_CLASS = YES_ERROR;
				CLANG_WARN_QUOTED_INCLUDE_IN_FRAMEWORK_HEADER = YES;
				CLANG_WARN_RANGE_LOOP_ANALYSIS = YES;
				CLANG_WARN_STRICT_PROTOTYPES = YES;
				CLANG_WARN_SUSPICIOUS_MOVE = YES;
				CLANG_WARN_UNGUARDED_AVAILABILITY = YES_AGGRESSIVE;
				CLANG_WARN_UNREACHABLE_CODE = YES;
				CLANG_WARN__DUPLICATE_METHOD_MATCH = YES;
				COPY_PHASE_STRIP = NO;
				DEBUG_INFORMATION_FORMAT = "dwarf-with-dsym";
				ENABLE_NS_ASSERTIONS = NO;
				ENABLE_STRICT_OBJC_MSGSEND = YES;
				ENABLE_USER_SCRIPT_SANDBOXING = YES;
				GCC_C_LANGUAGE_STANDARD = gnu17;
				GCC_NO_COMMON_BLOCKS = YES;
				GCC_WARN_64_TO_32_BIT_CONVERSION = YES;
				GCC_WARN_ABOUT_RETURN_TYPE = YES_ERROR;
				GCC_WARN_UNDECLARED_SELECTOR = YES;
				GCC_WARN_UNINITIALIZED_AUTOS = YES_AGGRESSIVE;
				GCC_WARN_UNUSED_FUNCTION = YES;
				GCC_WARN_UNUSED_VARIABLE = YES;
				IPHONEOS_DEPLOYMENT_TARGET = 17.4;
				LOCALIZATION_PREFERS_STRING_CATALOGS = YES;
				MTL_ENABLE_DEBUG_INFO = NO;
				MTL_FAST_MATH = YES;
				SDKROOT = iphoneos;
				SWIFT_COMPILATION_MODE = wholemodule;
				VALIDATE_PRODUCT = YES;
			};
			name = Release;
		};
		1491A2952CAE82DC0095089B /* Debug */ = {
			isa = XCBuildConfiguration;
			buildSettings = {
				ASSETCATALOG_COMPILER_APPICON_NAME = AppIcon;
				ASSETCATALOG_COMPILER_GLOBAL_ACCENT_COLOR_NAME = AccentColor;
				CODE_SIGN_STYLE = Automatic;
				CURRENT_PROJECT_VERSION = 1;
				DEVELOPMENT_ASSET_PATHS = "\"UmainCodeTest/Preview Content\"";
				DEVELOPMENT_TEAM = 9N8ZC32DMP;
				ENABLE_PREVIEWS = YES;
				GENERATE_INFOPLIST_FILE = YES;
				INFOPLIST_KEY_UIApplicationSceneManifest_Generation = YES;
				INFOPLIST_KEY_UIApplicationSupportsIndirectInputEvents = YES;
				INFOPLIST_KEY_UILaunchScreen_Generation = YES;
				INFOPLIST_KEY_UISupportedInterfaceOrientations_iPad = "UIInterfaceOrientationPortrait UIInterfaceOrientationPortraitUpsideDown UIInterfaceOrientationLandscapeLeft UIInterfaceOrientationLandscapeRight";
				INFOPLIST_KEY_UISupportedInterfaceOrientations_iPhone = "UIInterfaceOrientationPortrait UIInterfaceOrientationLandscapeLeft UIInterfaceOrientationLandscapeRight";
				LD_RUNPATH_SEARCH_PATHS = (
					"$(inherited)",
					"@executable_path/Frameworks",
				);
				MARKETING_VERSION = 1.0;
				PRODUCT_BUNDLE_IDENTIFIER = pontus.croneld.UmainCodeTest;
				PRODUCT_NAME = "$(TARGET_NAME)";
				SWIFT_EMIT_LOC_STRINGS = YES;
				SWIFT_VERSION = 5.0;
				TARGETED_DEVICE_FAMILY = "1,2";
			};
			name = Debug;
		};
		1491A2962CAE82DC0095089B /* Release */ = {
			isa = XCBuildConfiguration;
			buildSettings = {
				ASSETCATALOG_COMPILER_APPICON_NAME = AppIcon;
				ASSETCATALOG_COMPILER_GLOBAL_ACCENT_COLOR_NAME = AccentColor;
				CODE_SIGN_STYLE = Automatic;
				CURRENT_PROJECT_VERSION = 1;
				DEVELOPMENT_ASSET_PATHS = "\"UmainCodeTest/Preview Content\"";
				DEVELOPMENT_TEAM = 89DQD8B7D7;
				ENABLE_PREVIEWS = YES;
				GENERATE_INFOPLIST_FILE = YES;
				INFOPLIST_KEY_UIApplicationSceneManifest_Generation = YES;
				INFOPLIST_KEY_UIApplicationSupportsIndirectInputEvents = YES;
				INFOPLIST_KEY_UILaunchScreen_Generation = YES;
				INFOPLIST_KEY_UISupportedInterfaceOrientations_iPad = "UIInterfaceOrientationPortrait UIInterfaceOrientationPortraitUpsideDown UIInterfaceOrientationLandscapeLeft UIInterfaceOrientationLandscapeRight";
				INFOPLIST_KEY_UISupportedInterfaceOrientations_iPhone = "UIInterfaceOrientationPortrait UIInterfaceOrientationLandscapeLeft UIInterfaceOrientationLandscapeRight";
				LD_RUNPATH_SEARCH_PATHS = (
					"$(inherited)",
					"@executable_path/Frameworks",
				);
				MARKETING_VERSION = 1.0;
				PRODUCT_BUNDLE_IDENTIFIER = pontus.croneld.UmainCodeTest;
				PRODUCT_NAME = "$(TARGET_NAME)";
				SWIFT_EMIT_LOC_STRINGS = YES;
				SWIFT_VERSION = 5.0;
				TARGETED_DEVICE_FAMILY = "1,2";
			};
			name = Release;
		};
		1491A2982CAE82DC0095089B /* Debug */ = {
			isa = XCBuildConfiguration;
			buildSettings = {
				ALWAYS_EMBED_SWIFT_STANDARD_LIBRARIES = YES;
				BUNDLE_LOADER = "$(TEST_HOST)";
				CODE_SIGN_STYLE = Automatic;
				CURRENT_PROJECT_VERSION = 1;
				DEVELOPMENT_TEAM = 89DQD8B7D7;
				GENERATE_INFOPLIST_FILE = YES;
				IPHONEOS_DEPLOYMENT_TARGET = 17.4;
				MARKETING_VERSION = 1.0;
				PRODUCT_BUNDLE_IDENTIFIER = pontus.croneld.UmainCodeTestTests;
				PRODUCT_NAME = "$(TARGET_NAME)";
				SWIFT_EMIT_LOC_STRINGS = NO;
				SWIFT_VERSION = 5.0;
				TARGETED_DEVICE_FAMILY = "1,2";
				TEST_HOST = "$(BUILT_PRODUCTS_DIR)/UmainCodeTest.app/$(BUNDLE_EXECUTABLE_FOLDER_PATH)/UmainCodeTest";
			};
			name = Debug;
		};
		1491A2992CAE82DC0095089B /* Release */ = {
			isa = XCBuildConfiguration;
			buildSettings = {
				ALWAYS_EMBED_SWIFT_STANDARD_LIBRARIES = YES;
				BUNDLE_LOADER = "$(TEST_HOST)";
				CODE_SIGN_STYLE = Automatic;
				CURRENT_PROJECT_VERSION = 1;
				DEVELOPMENT_TEAM = 89DQD8B7D7;
				GENERATE_INFOPLIST_FILE = YES;
				IPHONEOS_DEPLOYMENT_TARGET = 17.4;
				MARKETING_VERSION = 1.0;
				PRODUCT_BUNDLE_IDENTIFIER = pontus.croneld.UmainCodeTestTests;
				PRODUCT_NAME = "$(TARGET_NAME)";
				SWIFT_EMIT_LOC_STRINGS = NO;
				SWIFT_VERSION = 5.0;
				TARGETED_DEVICE_FAMILY = "1,2";
				TEST_HOST = "$(BUILT_PRODUCTS_DIR)/UmainCodeTest.app/$(BUNDLE_EXECUTABLE_FOLDER_PATH)/UmainCodeTest";
			};
			name = Release;
		};
		1491A29B2CAE82DC0095089B /* Debug */ = {
			isa = XCBuildConfiguration;
			buildSettings = {
				ALWAYS_EMBED_SWIFT_STANDARD_LIBRARIES = YES;
				CODE_SIGN_STYLE = Automatic;
				CURRENT_PROJECT_VERSION = 1;
				DEVELOPMENT_TEAM = 89DQD8B7D7;
				GENERATE_INFOPLIST_FILE = YES;
				MARKETING_VERSION = 1.0;
				PRODUCT_BUNDLE_IDENTIFIER = pontus.croneld.UmainCodeTestUITests;
				PRODUCT_NAME = "$(TARGET_NAME)";
				SWIFT_EMIT_LOC_STRINGS = NO;
				SWIFT_VERSION = 5.0;
				TARGETED_DEVICE_FAMILY = "1,2";
				TEST_TARGET_NAME = UmainCodeTest;
			};
			name = Debug;
		};
		1491A29C2CAE82DC0095089B /* Release */ = {
			isa = XCBuildConfiguration;
			buildSettings = {
				ALWAYS_EMBED_SWIFT_STANDARD_LIBRARIES = YES;
				CODE_SIGN_STYLE = Automatic;
				CURRENT_PROJECT_VERSION = 1;
				DEVELOPMENT_TEAM = 89DQD8B7D7;
				GENERATE_INFOPLIST_FILE = YES;
				MARKETING_VERSION = 1.0;
				PRODUCT_BUNDLE_IDENTIFIER = pontus.croneld.UmainCodeTestUITests;
				PRODUCT_NAME = "$(TARGET_NAME)";
				SWIFT_EMIT_LOC_STRINGS = NO;
				SWIFT_VERSION = 5.0;
				TARGETED_DEVICE_FAMILY = "1,2";
				TEST_TARGET_NAME = UmainCodeTest;
			};
			name = Release;
		};
/* End XCBuildConfiguration section */

/* Begin XCConfigurationList section */
		1491A26B2CAE82DA0095089B /* Build configuration list for PBXProject "UmainCodeTest" */ = {
			isa = XCConfigurationList;
			buildConfigurations = (
				1491A2922CAE82DC0095089B /* Debug */,
				1491A2932CAE82DC0095089B /* Release */,
			);
			defaultConfigurationIsVisible = 0;
			defaultConfigurationName = Release;
		};
		1491A2942CAE82DC0095089B /* Build configuration list for PBXNativeTarget "UmainCodeTest" */ = {
			isa = XCConfigurationList;
			buildConfigurations = (
				1491A2952CAE82DC0095089B /* Debug */,
				1491A2962CAE82DC0095089B /* Release */,
			);
			defaultConfigurationIsVisible = 0;
			defaultConfigurationName = Release;
		};
		1491A2972CAE82DC0095089B /* Build configuration list for PBXNativeTarget "UmainCodeTestTests" */ = {
			isa = XCConfigurationList;
			buildConfigurations = (
				1491A2982CAE82DC0095089B /* Debug */,
				1491A2992CAE82DC0095089B /* Release */,
			);
			defaultConfigurationIsVisible = 0;
			defaultConfigurationName = Release;
		};
		1491A29A2CAE82DC0095089B /* Build configuration list for PBXNativeTarget "UmainCodeTestUITests" */ = {
			isa = XCConfigurationList;
			buildConfigurations = (
				1491A29B2CAE82DC0095089B /* Debug */,
				1491A29C2CAE82DC0095089B /* Release */,
			);
			defaultConfigurationIsVisible = 0;
			defaultConfigurationName = Release;
		};
/* End XCConfigurationList section */
	};
	rootObject = 1491A2682CAE82DA0095089B /* Project object */;
}
